{
  "version": 4,
  "terraform_version": "1.14.5",
  "serial": 502,
  "lineage": "6b8bf1c9-eec7-349e-4af4-eeb5dc7473b0",
  "outputs": {},
  "resources": [
    {
      "module": "module.azure",
      "mode": "data",
      "type": "azurerm_client_config",
      "name": "current",
      "provider": "provider[\"registry.terraform.io/hashicorp/azurerm\"]",
      "instances": [
        {
          "schema_version": 0,
          "attributes": {
            "client_id": "04b07795-8ddb-461a-bbee-02f9e1bf7b46",
            "id": "Y2xpZW50Q29uZmlncy9jbGllbnRJZD0wNGIwNzc5NS04ZGRiLTQ2MWEtYmJlZS0wMmY5ZTFiZjdiNDY7b2JqZWN0SWQ9NzVhMjI5YzctYWE3YS00NDhhLTlkZTMtYzAyZjVhNzg1MWVjO3N1YnNjcmlwdGlvbklkPTJkMWZkYTQ3LWEwMmEtNGJiYy04YWE0LWM5MTU5NzJiMmFmMzt0ZW5hbnRJZD02YjU2MDhkNC1lOTY0LTRjYjAtYWQwMy1hNzVjZTExODFkMmQ=",
            "object_id": "75a229c7-aa7a-448a-9de3-c02f5a7851ec",
            "subscription_id": "2d1fda47-a02a-4bbc-8aa4-c915972b2af3",
            "tenant_id": "6b5608d4-e964-4cb0-ad03-a75ce1181d2d",
            "timeouts": null
          },
          "sensitive_attributes": [],
          "identity_schema_version": 0
        }
      ]
    },
    {
      "module": "module.azure",
      "mode": "managed",
      "type": "azurerm_key_vault",
      "name": "kv",
      "provider": "provider[\"registry.terraform.io/hashicorp/azurerm\"]",
      "instances": [
        {
          "schema_version": 2,
          "attributes": {
            "access_policy": [],
            "contact": [],
            "enable_rbac_authorization": true,
            "enabled_for_deployment": false,
            "enabled_for_disk_encryption": false,
            "enabled_for_template_deployment": false,
            "id": "/subscriptions/2d1fda47-a02a-4bbc-8aa4-c915972b2af3/resourceGroups/rg-zero-trust-gateway2/providers/Microsoft.KeyVault/vaults/kv-ztgw2-demo",
            "location": "eastus",
            "name": "kv-ztgw2-demo",
            "network_acls": [
              {
                "bypass": "AzureServices",
                "default_action": "Allow",
                "ip_rules": [],
                "virtual_network_subnet_ids": []
              }
            ],
            "public_network_access_enabled": true,
            "purge_protection_enabled": false,
            "resource_group_name": "rg-zero-trust-gateway2",
            "sku_name": "standard",
            "soft_delete_retention_days": 7,
            "tags": {
              "environment": "demo",
              "managed_by": "terraform",
              "project": "zero-trust-gateway"
            },
            "tenant_id": "6b5608d4-e964-4cb0-ad03-a75ce1181d2d",
            "timeouts": null,
            "vault_uri": "https://kv-ztgw2-demo.vault.azure.net/"
          },
          "sensitive_attributes": [],
          "identity_schema_version": 0,
          "private": "eyJlMmJmYjczMC1lY2FhLTExZTYtOGY4OC0zNDM2M2JjN2M0YzAiOnsiY3JlYXRlIjoxODAwMDAwMDAwMDAwLCJkZWxldGUiOjE4MDAwMDAwMDAwMDAsInJlYWQiOjMwMDAwMDAwMDAwMCwidXBkYXRlIjoxODAwMDAwMDAwMDAwfSwic2NoZW1hX3ZlcnNpb24iOiIyIn0=",
          "dependencies": [
            "module.azure.azurerm_resource_group.rg",
            "module.azure.data.azurerm_client_config.current"
          ]
        }
      ]
    },
    {
      "module": "module.azure",
      "mode": "managed",
      "type": "azurerm_resource_group",
      "name": "rg",
      "provider": "provider[\"registry.terraform.io/hashicorp/azurerm\"]",
      "instances": [
        {
          "schema_version": 0,
          "attributes": {
            "id": "/subscriptions/2d1fda47-a02a-4bbc-8aa4-c915972b2af3/resourceGroups/rg-zero-trust-gateway2",
            "location": "eastus",
            "managed_by": "",
            "name": "rg-zero-trust-gateway2",
            "tags": {
              "environment": "demo",
              "managed_by": "terraform",
              "project": "zero-trust-gateway"
            },
            "timeouts": null
          },
          "sensitive_attributes": [],
          "identity_schema_version": 0,
          "private": "eyJlMmJmYjczMC1lY2FhLTExZTYtOGY4OC0zNDM2M2JjN2M0YzAiOnsiY3JlYXRlIjo1NDAwMDAwMDAwMDAwLCJkZWxldGUiOjU0MDAwMDAwMDAwMDAsInJlYWQiOjMwMDAwMDAwMDAwMCwidXBkYXRlIjo1NDAwMDAwMDAwMDAwfX0="
        }
      ]
    }
  ],
  "check_results": null
}
